
Microsoft Visual Studio Solution File, Format Version 12.00
# Visual Studio Version 17
VisualStudioVersion = 17.9.34622.214
MinimumVisualStudioVersion = 10.0.40219.1
Project("{FAE04EC0-301F-11D3-BF4B-00C04F79EFBC}") = "Assignment3", "Assignment3\Assignment3.csproj", "{1484EA15-85F0-44E0-8FA7-E42A7820139C}"
EndProject
Global
	GlobalSection(SolutionConfigurationPlatforms) = preSolution
		Debug|Any CPU = Debug|Any CPU
		Release|Any CPU = Release|Any CPU
	EndGlobalSection
	GlobalSection(ProjectConfigurationPlatforms) = postSolution
		{1484EA15-85F0-44E0-8FA7-E42A7820139C}.Debug|Any CPU.ActiveCfg = Debug|Any CPU
		{1484EA15-85F0-44E0-8FA7-E42A7820139C}.Debug|Any CPU.Build.0 = Debug|Any CPU
		{1484EA15-85F0-44E0-8FA7-E42A7820139C}.Release|Any CPU.ActiveCfg = Release|Any CPU
		{1484EA15-85F0-44E0-8FA7-E42A7820139C}.Release|Any CPU.Build.0 = Release|Any CPU
	EndGlobalSection
	GlobalSection(SolutionProperties) = preSolution
		HideSolutionNode = FALSE
	EndGlobalSection
	GlobalSection(ExtensibilityGlobals) = postSolution
		SolutionGuid = {7F77B651-DD5E-439A-915F-0E4F58DEC73B}
	EndGlobalSection
EndGlobal
